
Microsoft Visual Studio Solution File, Format Version 11.00
# Visual Studio 2010
Project("{FAE04EC0-301F-11D3-BF4B-00C04F79EFBC}") = "dbgen", "dbgen\dbgen.csproj", "{D493F9D3-B1D8-4ECE-A33E-6BE86AE6BC8F}"
EndProject
Project("{FAE04EC0-301F-11D3-BF4B-00C04F79EFBC}") = "dbgen.Tests", "dbgen.Tests\dbgen.Tests.csproj", "{7818608E-7E61-4FF1-83C6-210B753BF40F}"
EndProject
Project("{2150E333-8FDC-42A3-9474-1A3956D46DE8}") = "Solution Items", "Solution Items", "{5703171C-B51F-48FA-A7CD-B9A11AFEBA85}"
	ProjectSection(SolutionItems) = preProject
		dbgen.vsmdi = dbgen.vsmdi
		Local.testsettings = Local.testsettings
		TraceAndTestImpact.testsettings = TraceAndTestImpact.testsettings
	EndProjectSection
EndProject
Global
	GlobalSection(TestCaseManagementSettings) = postSolution
		CategoryFile = dbgen.vsmdi
	EndGlobalSection
	GlobalSection(SolutionConfigurationPlatforms) = preSolution
		Debug|Any CPU = Debug|Any CPU
		Debug|Mixed Platforms = Debug|Mixed Platforms
		Debug|x86 = Debug|x86
		Release|Any CPU = Release|Any CPU
		Release|Mixed Platforms = Release|Mixed Platforms
		Release|x86 = Release|x86
	EndGlobalSection
	GlobalSection(ProjectConfigurationPlatforms) = postSolution
		{D493F9D3-B1D8-4ECE-A33E-6BE86AE6BC8F}.Debug|Any CPU.ActiveCfg = Debug|x86
		{D493F9D3-B1D8-4ECE-A33E-6BE86AE6BC8F}.Debug|Mixed Platforms.ActiveCfg = Debug|x86
		{D493F9D3-B1D8-4ECE-A33E-6BE86AE6BC8F}.Debug|Mixed Platforms.Build.0 = Debug|x86
		{D493F9D3-B1D8-4ECE-A33E-6BE86AE6BC8F}.Debug|x86.ActiveCfg = Debug|x86
		{D493F9D3-B1D8-4ECE-A33E-6BE86AE6BC8F}.Debug|x86.Build.0 = Debug|x86
		{D493F9D3-B1D8-4ECE-A33E-6BE86AE6BC8F}.Release|Any CPU.ActiveCfg = Release|x86
		{D493F9D3-B1D8-4ECE-A33E-6BE86AE6BC8F}.Release|Mixed Platforms.ActiveCfg = Release|x86
		{D493F9D3-B1D8-4ECE-A33E-6BE86AE6BC8F}.Release|Mixed Platforms.Build.0 = Release|x86
		{D493F9D3-B1D8-4ECE-A33E-6BE86AE6BC8F}.Release|x86.ActiveCfg = Release|x86
		{D493F9D3-B1D8-4ECE-A33E-6BE86AE6BC8F}.Release|x86.Build.0 = Release|x86
		{7818608E-7E61-4FF1-83C6-210B753BF40F}.Debug|Any CPU.ActiveCfg = Debug|Any CPU
		{7818608E-7E61-4FF1-83C6-210B753BF40F}.Debug|Any CPU.Build.0 = Debug|Any CPU
		{7818608E-7E61-4FF1-83C6-210B753BF40F}.Debug|Mixed Platforms.ActiveCfg = Debug|Any CPU
		{7818608E-7E61-4FF1-83C6-210B753BF40F}.Debug|Mixed Platforms.Build.0 = Debug|Any CPU
		{7818608E-7E61-4FF1-83C6-210B753BF40F}.Debug|x86.ActiveCfg = Debug|Any CPU
		{7818608E-7E61-4FF1-83C6-210B753BF40F}.Release|Any CPU.ActiveCfg = Release|Any CPU
		{7818608E-7E61-4FF1-83C6-210B753BF40F}.Release|Any CPU.Build.0 = Release|Any CPU
		{7818608E-7E61-4FF1-83C6-210B753BF40F}.Release|Mixed Platforms.ActiveCfg = Release|Any CPU
		{7818608E-7E61-4FF1-83C6-210B753BF40F}.Release|Mixed Platforms.Build.0 = Release|Any CPU
		{7818608E-7E61-4FF1-83C6-210B753BF40F}.Release|x86.ActiveCfg = Release|Any CPU
	EndGlobalSection
	GlobalSection(SolutionProperties) = preSolution
		HideSolutionNode = FALSE
	EndGlobalSection
EndGlobal
